// !$*UTF8*$!
{
	archiveVersion = 1;
	classes = {
	};
	objectVersion = 48;
	objects = {

/* Begin PBXBuildFile section */
		D8140A0B205D4E1000230A6D /* DataModel.xcdatamodeld in Sources */ = {isa = PBXBuildFile; fileRef = D8140A09205D4E1000230A6D /* DataModel.xcdatamodeld */; };
		D8140A0D205E3F0800230A6D /* CategoryViewController.swift in Sources */ = {isa = PBXBuildFile; fileRef = D8140A0C205E3F0800230A6D /* CategoryViewController.swift */; };
		D81B748420547B45005D04A8 /* AppDelegate.swift in Sources */ = {isa = PBXBuildFile; fileRef = D81B748320547B45005D04A8 /* AppDelegate.swift */; };
		D81B748620547B45005D04A8 /* TodoListViewController.swift in Sources */ = {isa = PBXBuildFile; fileRef = D81B748520547B45005D04A8 /* TodoListViewController.swift */; };
		D81B748920547B45005D04A8 /* Main.storyboard in Resources */ = {isa = PBXBuildFile; fileRef = D81B748720547B45005D04A8 /* Main.storyboard */; };
		D81B748B20547B45005D04A8 /* Assets.xcassets in Resources */ = {isa = PBXBuildFile; fileRef = D81B748A20547B45005D04A8 /* Assets.xcassets */; };
		D81B748E20547B45005D04A8 /* LaunchScreen.storyboard in Resources */ = {isa = PBXBuildFile; fileRef = D81B748C20547B45005D04A8 /* LaunchScreen.storyboard */; };
/* End PBXBuildFile section */

/* Begin PBXBuildRule section */
		D86EA8EB205781540017E3E1 /* PBXBuildRule */ = {
			isa = PBXBuildRule;
			compilerSpec = com.apple.compilers.proxy.script;
			fileType = sourcecode.metal;
			isEditable = 1;
			outputFiles = (
			);
			script = "# metal\n";
		};
/* End PBXBuildRule section */

/* Begin PBXFileReference section */
		D8140A0A205D4E1000230A6D /* DataModel.xcdatamodel */ = {isa = PBXFileReference; lastKnownFileType = wrapper.xcdatamodel; path = DataModel.xcdatamodel; sourceTree = "<group>"; };
		D8140A0C205E3F0800230A6D /* CategoryViewController.swift */ = {isa = PBXFileReference; lastKnownFileType = sourcecode.swift; path = CategoryViewController.swift; sourceTree = "<group>"; };
		D81B748020547B45005D04A8 /* Todoey.app */ = {isa = PBXFileReference; explicitFileType = wrapper.application; includeInIndex = 0; path = Todoey.app; sourceTree = BUILT_PRODUCTS_DIR; };
		D81B748320547B45005D04A8 /* AppDelegate.swift */ = {isa = PBXFileReference; lastKnownFileType = sourcecode.swift; path = AppDelegate.swift; sourceTree = "<group>"; };
		D81B748520547B45005D04A8 /* TodoListViewController.swift */ = {isa = PBXFileReference; lastKnownFileType = sourcecode.swift; path = TodoListViewController.swift; sourceTree = "<group>"; };
		D81B748820547B45005D04A8 /* Base */ = {isa = PBXFileReference; lastKnownFileType = file.storyboard; name = Base; path = Base.lproj/Main.storyboard; sourceTree = "<group>"; };
		D81B748A20547B45005D04A8 /* Assets.xcassets */ = {isa = PBXFileReference; lastKnownFileType = folder.assetcatalog; path = Assets.xcassets; sourceTree = "<group>"; };
		D81B748D20547B45005D04A8 /* Base */ = {isa = PBXFileReference; lastKnownFileType = file.storyboard; name = Base; path = Base.lproj/LaunchScreen.storyboard; sourceTree = "<group>"; };
		D81B748F20547B45005D04A8 /* Info.plist */ = {isa = PBXFileReference; lastKnownFileType = text.plist.xml; path = Info.plist; sourceTree = "<group>"; };
/* End PBXFileReference section */

/* Begin PBXFrameworksBuildPhase section */
		D81B747D20547B45005D04A8 /* Frameworks */ = {
			isa = PBXFrameworksBuildPhase;
			buildActionMask = 2147483647;
			files = (
			);
			runOnlyForDeploymentPostprocessing = 0;
		};
/* End PBXFrameworksBuildPhase section */

/* Begin PBXGroup section */
		D81B747720547B45005D04A8 = {
			isa = PBXGroup;
			children = (
				D81B748220547B45005D04A8 /* Todoey */,
				D81B748120547B45005D04A8 /* Products */,
			);
			sourceTree = "<group>";
		};
		D81B748120547B45005D04A8 /* Products */ = {
			isa = PBXGroup;
			children = (
				D81B748020547B45005D04A8 /* Todoey.app */,
			);
			name = Products;
			sourceTree = "<group>";
		};
		D81B748220547B45005D04A8 /* Todoey */ = {
			isa = PBXGroup;
			children = (
				D8A0F1DD205771E1003CFDCC /* Views */,
				D8A0F1DB205771BE003CFDCC /* Controllers */,
				D81B748320547B45005D04A8 /* AppDelegate.swift */,
				D8A0F1D92057718E003CFDCC /* Data Model */,
				D8A0F1DE20577209003CFDCC /* Supporting Files */,
				D81B748F20547B45005D04A8 /* Info.plist */,
			);
			path = Todoey;
			sourceTree = "<group>";
		};
		D8A0F1D92057718E003CFDCC /* Data Model */ = {
			isa = PBXGroup;
			children = (
				D8140A09205D4E1000230A6D /* DataModel.xcdatamodeld */,
			);
			path = "Data Model";
			sourceTree = "<group>";
		};
		D8A0F1DB205771BE003CFDCC /* Controllers */ = {
			isa = PBXGroup;
			children = (
				D8140A0C205E3F0800230A6D /* CategoryViewController.swift */,
				D81B748520547B45005D04A8 /* TodoListViewController.swift */,
			);
			path = Controllers;
			sourceTree = "<group>";
		};
		D8A0F1DD205771E1003CFDCC /* Views */ = {
			isa = PBXGroup;
			children = (
				D81B748720547B45005D04A8 /* Main.storyboard */,
			);
			path = Views;
			sourceTree = "<group>";
		};
		D8A0F1DE20577209003CFDCC /* Supporting Files */ = {
			isa = PBXGroup;
			children = (
				D81B748A20547B45005D04A8 /* Assets.xcassets */,
				D81B748C20547B45005D04A8 /* LaunchScreen.storyboard */,
			);
			path = "Supporting Files";
			sourceTree = "<group>";
		};
/* End PBXGroup section */

/* Begin PBXNativeTarget section */
		D81B747F20547B45005D04A8 /* Todoey */ = {
			isa = PBXNativeTarget;
			buildConfigurationList = D81B749220547B45005D04A8 /* Build configuration list for PBXNativeTarget "Todoey" */;
			buildPhases = (
				D81B747C20547B45005D04A8 /* Sources */,
				D81B747D20547B45005D04A8 /* Frameworks */,
				D81B747E20547B45005D04A8 /* Resources */,
			);
			buildRules = (
				D86EA8EB205781540017E3E1 /* PBXBuildRule */,
			);
			dependencies = (
			);
			name = Todoey;
			productName = Todoey;
			productReference = D81B748020547B45005D04A8 /* Todoey.app */;
			productType = "com.apple.product-type.application";
		};
/* End PBXNativeTarget section */

/* Begin PBXProject section */
		D81B747820547B45005D04A8 /* Project object */ = {
			isa = PBXProject;
			attributes = {
				LastSwiftUpdateCheck = 0920;
				LastUpgradeCheck = 0920;
				ORGANIZATIONNAME = "Lalaine Villafuerte";
				TargetAttributes = {
					D81B747F20547B45005D04A8 = {
						CreatedOnToolsVersion = 9.2;
						ProvisioningStyle = Automatic;
					};
				};
			};
			buildConfigurationList = D81B747B20547B45005D04A8 /* Build configuration list for PBXProject "Todoey" */;
			compatibilityVersion = "Xcode 8.0";
			developmentRegion = en;
			hasScannedForEncodings = 0;
			knownRegions = (
				en,
				Base,
			);
			mainGroup = D81B747720547B45005D04A8;
			productRefGroup = D81B748120547B45005D04A8 /* Products */;
			projectDirPath = "";
			projectRoot = "";
			targets = (
				D81B747F20547B45005D04A8 /* Todoey */,
			);
		};
/* End PBXProject section */

/* Begin PBXResourcesBuildPhase section */
		D81B747E20547B45005D04A8 /* Resources */ = {
			isa = PBXResourcesBuildPhase;
			buildActionMask = 2147483647;
			files = (
				D81B748E20547B45005D04A8 /* LaunchScreen.storyboard in Resources */,
				D81B748B20547B45005D04A8 /* Assets.xcassets in Resources */,
				D81B748920547B45005D04A8 /* Main.storyboard in Resources */,
			);
			runOnlyForDeploymentPostprocessing = 0;
		};
/* End PBXResourcesBuildPhase section */

/* Begin PBXSourcesBuildPhase section */
		D81B747C20547B45005D04A8 /* Sources */ = {
			isa = PBXSourcesBuildPhase;
			buildActionMask = 2147483647;
			files = (
				D8140A0D205E3F0800230A6D /* CategoryViewController.swift in Sources */,
				D81B748620547B45005D04A8 /* TodoListViewController.swift in Sources */,
				D8140A0B205D4E1000230A6D /* DataModel.xcdatamodeld in Sources */,
				D81B748420547B45005D04A8 /* AppDelegate.swift in Sources */,
			);
			runOnlyForDeploymentPostprocessing = 0;
		};
/* End PBXSourcesBuildPhase section */

/* Begin PBXVariantGroup section */
		D81B748720547B45005D04A8 /* Main.storyboard */ = {
			isa = PBXVariantGroup;
			children = (
				D81B748820547B45005D04A8 /* Base */,
			);
			name = Main.storyboard;
			sourceTree = "<group>";
		};
		D81B748C20547B45005D04A8 /* LaunchScreen.storyboard */ = {
			isa = PBXVariantGroup;
			children = (
				D81B748D20547B45005D04A8 /* Base */,
			);
			name = LaunchScreen.storyboard;
			sourceTree = "<group>";
		};
/* End PBXVariantGroup section */

/* Begin XCBuildConfiguration section */
		D81B749020547B45005D04A8 /* Debug */ = {
			isa = XCBuildConfiguration;
			buildSettings = {
				ALWAYS_SEARCH_USER_PATHS = NO;
				CLANG_ANALYZER_NONNULL = YES;
				CLANG_ANALYZER_NUMBER_OBJECT_CONVERSION = YES_AGGRESSIVE;
				CLANG_CXX_LANGUAGE_STANDARD = "gnu++14";
				CLANG_CXX_LIBRARY = "libc++";
				CLANG_ENABLE_MODULES = YES;
				CLANG_ENABLE_OBJC_ARC = YES;
				CLANG_WARN_BLOCK_CAPTURE_AUTORELEASING = YES;
				CLANG_WARN_BOOL_CONVERSION = YES;
				CLANG_WARN_COMMA = YES;
				CLANG_WARN_CONSTANT_CONVERSION = YES;
				CLANG_WARN_DIRECT_OBJC_ISA_USAGE = YES_ERROR;
				CLANG_WARN_DOCUMENTATION_COMMENTS = YES;
				CLANG_WARN_EMPTY_BODY = YES;
				CLANG_WARN_ENUM_CONVERSION = YES;
				CLANG_WARN_INFINITE_RECURSION = YES;
				CLANG_WARN_INT_CONVERSION = YES;
				CLANG_WARN_NON_LITERAL_NULL_CONVERSION = YES;
				CLANG_WARN_OBJC_LITERAL_CONVERSION = YES;
				CLANG_WARN_OBJC_ROOT_CLASS = YES_ERROR;
				CLANG_WARN_RANGE_LOOP_ANALYSIS = YES;
				CLANG_WARN_STRICT_PROTOTYPES = YES;
				CLANG_WARN_SUSPICIOUS_MOVE = YES;
				CLANG_WARN_UNGUARDED_AVAILABILITY = YES_AGGRESSIVE;
				CLANG_WARN_UNREACHABLE_CODE = YES;
				CLANG_WARN__DUPLICATE_METHOD_MATCH = YES;
				CODE_SIGN_IDENTITY = "iPhone Developer";
				COPY_PHASE_STRIP = NO;
				DEBUG_INFORMATION_FORMAT = dwarf;
				ENABLE_STRICT_OBJC_MSGSEND = YES;
				ENABLE_TESTABILITY = YES;
				GCC_C_LANGUAGE_STANDARD = gnu11;
				GCC_DYNAMIC_NO_PIC = NO;
				GCC_NO_COMMON_BLOCKS = YES;
				GCC_OPTIMIZATION_LEVEL = 0;
				GCC_PREPROCESSOR_DEFINITIONS = (
					"DEBUG=1",
					"$(inherited)",
				);
				GCC_WARN_64_TO_32_BIT_CONVERSION = YES;
				GCC_WARN_ABOUT_RETURN_TYPE = YES_ERROR;
				GCC_WARN_UNDECLARED_SELECTOR = YES;
				GCC_WARN_UNINITIALIZED_AUTOS = YES_AGGRESSIVE;
				GCC_WARN_UNUSED_FUNCTION = YES;
				GCC_WARN_UNUSED_VARIABLE = YES;
				IPHONEOS_DEPLOYMENT_TARGET = 11.2;
				MTL_ENABLE_DEBUG_INFO = YES;
				ONLY_ACTIVE_ARCH = YES;
				SDKROOT = iphoneos;
				SWIFT_ACTIVE_COMPILATION_CONDITIONS = DEBUG;
				SWIFT_OPTIMIZATION_LEVEL = "-Onone";
			};
			name = Debug;
		};
		D81B749120547B45005D04A8 /* Release */ = {
			isa = XCBuildConfiguration;
			buildSettings = {
				ALWAYS_SEARCH_USER_PATHS = NO;
				CLANG_ANALYZER_NONNULL = YES;
				CLANG_ANALYZER_NUMBER_OBJECT_CONVERSION = YES_AGGRESSIVE;
				CLANG_CXX_LANGUAGE_STANDARD = "gnu++14";
				CLANG_CXX_LIBRARY = "libc++";
				CLANG_ENABLE_MODULES = YES;
				CLANG_ENABLE_OBJC_ARC = YES;
				CLANG_WARN_BLOCK_CAPTURE_AUTORELEASING = YES;
				CLANG_WARN_BOOL_CONVERSION = YES;
				CLANG_WARN_COMMA = YES;
				CLANG_WARN_CONSTANT_CONVERSION = YES;
				CLANG_WARN_DIRECT_OBJC_ISA_USAGE = YES_ERROR;
				CLANG_WARN_DOCUMENTATION_COMMENTS = YES;
				CLANG_WARN_EMPTY_BODY = YES;
				CLANG_WARN_ENUM_CONVERSION = YES;
				CLANG_WARN_INFINITE_RECURSION = YES;
				CLANG_WARN_INT_CONVERSION = YES;
				CLANG_WARN_NON_LITERAL_NULL_CONVERSION = YES;
				CLANG_WARN_OBJC_LITERAL_CONVERSION = YES;
				CLANG_WARN_OBJC_ROOT_CLASS = YES_ERROR;
				CLANG_WARN_RANGE_LOOP_ANALYSIS = YES;
				CLANG_WARN_STRICT_PROTOTYPES = YES;
				CLANG_WARN_SUSPICIOUS_MOVE = YES;
				CLANG_WARN_UNGUARDED_AVAILABILITY = YES_AGGRESSIVE;
				CLANG_WARN_UNREACHABLE_CODE = YES;
				CLANG_WARN__DUPLICATE_METHOD_MATCH = YES;
				CODE_SIGN_IDENTITY = "iPhone Developer";
				COPY_PHASE_STRIP = NO;
				DEBUG_INFORMATION_FORMAT = "dwarf-with-dsym";
				ENABLE_NS_ASSERTIONS = NO;
				ENABLE_STRICT_OBJC_MSGSEND = YES;
				GCC_C_LANGUAGE_STANDARD = gnu11;
				GCC_NO_COMMON_BLOCKS = YES;
				GCC_WARN_64_TO_32_BIT_CONVERSION = YES;
				GCC_WARN_ABOUT_RETURN_TYPE = YES_ERROR;
				GCC_WARN_UNDECLARED_SELECTOR = YES;
				GCC_WARN_UNINITIALIZED_AUTOS = YES_AGGRESSIVE;
				GCC_WARN_UNUSED_FUNCTION = YES;
				GCC_WARN_UNUSED_VARIABLE = YES;
				IPHONEOS_DEPLOYMENT_TARGET = 11.2;
				MTL_ENABLE_DEBUG_INFO = NO;
				SDKROOT = iphoneos;
				SWIFT_OPTIMIZATION_LEVEL = "-Owholemodule";
				VALIDATE_PRODUCT = YES;
			};
			name = Release;
		};
		D81B749320547B45005D04A8 /* Debug */ = {
			isa = XCBuildConfiguration;
			buildSettings = {
				ASSETCATALOG_COMPILER_APPICON_NAME = AppIcon;
				CODE_SIGN_STYLE = Automatic;
				DEVELOPMENT_TEAM = EZ3VFCJT5A;
				INFOPLIST_FILE = Todoey/Info.plist;
				LD_RUNPATH_SEARCH_PATHS = "$(inherited) @executable_path/Frameworks";
				PRODUCT_BUNDLE_IDENTIFIER = net.dylanmichaelv.Todoey;
				PRODUCT_NAME = "$(TARGET_NAME)";
				SWIFT_VERSION = 4.0;
				TARGETED_DEVICE_FAMILY = "1,2";
			};
			name = Debug;
		};
		D81B749420547B45005D04A8 /* Release */ = {
			isa = XCBuildConfiguration;
			buildSettings = {
				ASSETCATALOG_COMPILER_APPICON_NAME = AppIcon;
				CODE_SIGN_STYLE = Automatic;
				DEVELOPMENT_TEAM = EZ3VFCJT5A;
				INFOPLIST_FILE = Todoey/Info.plist;
				LD_RUNPATH_SEARCH_PATHS = "$(inherited) @executable_path/Frameworks";
				PRODUCT_BUNDLE_IDENTIFIER = net.dylanmichaelv.Todoey;
				PRODUCT_NAME = "$(TARGET_NAME)";
				SWIFT_VERSION = 4.0;
				TARGETED_DEVICE_FAMILY = "1,2";
			};
			name = Release;
		};
/* End XCBuildConfiguration section */

/* Begin XCConfigurationList section */
		D81B747B20547B45005D04A8 /* Build configuration list for PBXProject "Todoey" */ = {
			isa = XCConfigurationList;
			buildConfigurations = (
				D81B749020547B45005D04A8 /* Debug */,
				D81B749120547B45005D04A8 /* Release */,
			);
			defaultConfigurationIsVisible = 0;
			defaultConfigurationName = Release;
		};
		D81B749220547B45005D04A8 /* Build configuration list for PBXNativeTarget "Todoey" */ = {
			isa = XCConfigurationList;
			buildConfigurations = (
				D81B749320547B45005D04A8 /* Debug */,
				D81B749420547B45005D04A8 /* Release */,
			);
			defaultConfigurationIsVisible = 0;
			defaultConfigurationName = Release;
		};
/* End XCConfigurationList section */

/* Begin XCVersionGroup section */
		D8140A09205D4E1000230A6D /* DataModel.xcdatamodeld */ = {
			isa = XCVersionGroup;
			children = (
				D8140A0A205D4E1000230A6D /* DataModel.xcdatamodel */,
			);
			currentVersion = D8140A0A205D4E1000230A6D /* DataModel.xcdatamodel */;
			path = DataModel.xcdatamodeld;
			sourceTree = "<group>";
			versionGroupType = wrapper.xcdatamodel;
		};
/* End XCVersionGroup section */
	};
	rootObject = D81B747820547B45005D04A8 /* Project object */;
}
